{
  "name": "nodeAuth",
  "version": "1.0.0",
  "lockfileVersion": 1,
  "requires": true,
  "dependencies": {
    "@hapi/accept": {
      "version": "6.0.3",
      "resolved": "https://registry.npmmirror.com/@hapi/accept/-/accept-6.0.3.tgz",
      "integrity": "sha512-p72f9k56EuF0n3MwlBNThyVE5PXX40g+aQh+C/xbKrfzahM2Oispv3AXmOIU51t3j77zay1qrX7IIziZXspMlw==",
      "requires": {
        "@hapi/boom": "^10.0.1",
        "@hapi/hoek": "^11.0.2"
      }
    },
    "@hapi/ammo": {
      "version": "6.0.1",
      "resolved": "https://registry.npmmirror.com/@hapi/ammo/-/ammo-6.0.1.tgz",
      "integrity": "sha512-pmL+nPod4g58kXrMcsGLp05O2jF4P2Q3GiL8qYV7nKYEh3cGf+rV4P5Jyi2Uq0agGhVU63GtaSAfBEZOlrJn9w==",
      "requires": {
        "@hapi/hoek": "^11.0.2"
      }
    },
    "@hapi/b64": {
      "version": "6.0.1",
      "resolved": "https://registry.npmmirror.com/@hapi/b64/-/b64-6.0.1.tgz",
      "integrity": "sha512-ZvjX4JQReUmBheeCq+S9YavcnMMHWqx3S0jHNXWIM1kQDxB9cyfSycpVvjfrKcIS8Mh5N3hmu/YKo4Iag9g2Kw==",
      "requires": {
        "@hapi/hoek": "^11.0.2"
      }
    },
    "@hapi/boom": {
      "version": "10.0.1",
      "resolved": "https://registry.npmmirror.com/@hapi/boom/-/boom-10.0.1.tgz",
      "integrity": "sha512-ERcCZaEjdH3OgSJlyjVk8pHIFeus91CjKP3v+MpgBNp5IvGzP2l/bRiD78nqYcKPaZdbKkK5vDBVPd2ohHBlsA==",
      "requires": {
        "@hapi/hoek": "^11.0.2"
      }
    },
    "@hapi/bounce": {
      "version": "3.0.2",
      "resolved": "https://registry.npmmirror.com/@hapi/bounce/-/bounce-3.0.2.tgz",
      "integrity": "sha512-d0XmlTi3H9HFDHhQLjg4F4auL1EY3Wqj7j7/hGDhFFe6xAbnm3qiGrXeT93zZnPH8gH+SKAFYiRzu26xkXcH3g==",
      "requires": {
        "@hapi/boom": "^10.0.1",
        "@hapi/hoek": "^11.0.2"
      }
    },
    "@hapi/bourne": {
      "version": "3.0.0",
      "resolved": "https://registry.npmmirror.com/@hapi/bourne/-/bourne-3.0.0.tgz",
      "integrity": "sha512-Waj1cwPXJDucOib4a3bAISsKJVb15MKi9IvmTI/7ssVEm6sywXGjVJDhl6/umt1pK1ZS7PacXU3A1PmFKHEZ2w=="
    },
    "@hapi/call": {
      "version": "9.0.1",
      "resolved": "https://registry.npmmirror.com/@hapi/call/-/call-9.0.1.tgz",
      "integrity": "sha512-uPojQRqEL1GRZR4xXPqcLMujQGaEpyVPRyBlD8Pp5rqgIwLhtveF9PkixiKru2THXvuN8mUrLeet5fqxKAAMGg==",
      "requires": {
        "@hapi/boom": "^10.0.1",
        "@hapi/hoek": "^11.0.2"
      }
    },
    "@hapi/catbox": {
      "version": "12.1.1",
      "resolved": "https://registry.npmmirror.com/@hapi/catbox/-/catbox-12.1.1.tgz",
      "integrity": "sha512-hDqYB1J+R0HtZg4iPH3LEnldoaBsar6bYp0EonBmNQ9t5CO+1CqgCul2ZtFveW1ReA5SQuze9GPSU7/aecERhw==",
      "requires": {
        "@hapi/boom": "^10.0.1",
        "@hapi/hoek": "^11.0.2",
        "@hapi/podium": "^5.0.0",
        "@hapi/validate": "^2.0.1"
      }
    },
    "@hapi/catbox-memory": {
      "version": "6.0.2",
      "resolved": "https://registry.npmmirror.com/@hapi/catbox-memory/-/catbox-memory-6.0.2.tgz",
      "integrity": "sha512-H1l4ugoFW/ZRkqeFrIo8p1rWN0PA4MDTfu4JmcoNDvnY975o29mqoZblqFTotxNHlEkMPpIiIBJTV+Mbi+aF0g==",
      "requires": {
        "@hapi/boom": "^10.0.1",
        "@hapi/hoek": "^11.0.2"
      }
    },
    "@hapi/content": {
      "version": "6.0.0",
      "resolved": "https://registry.npmmirror.com/@hapi/content/-/content-6.0.0.tgz",
      "integrity": "sha512-CEhs7j+H0iQffKfe5Htdak5LBOz/Qc8TRh51cF+BFv0qnuph3Em4pjGVzJMkI2gfTDdlJKWJISGWS1rK34POGA==",
      "requires": {
        "@hapi/boom": "^10.0.0"
      }
    },
    "@hapi/cryptiles": {
      "version": "6.0.3",
      "resolved": "https://registry.npmmirror.com/@hapi/cryptiles/-/cryptiles-6.0.3.tgz",
      "integrity": "sha512-r6VKalpbMHz4ci3gFjFysBmhwCg70RpYZy6OkjEpdXzAYnYFX5XsW7n4YMJvuIYpnMwLxGUjK/cBhA7X3JDvXw==",
      "requires": {
        "@hapi/boom": "^10.0.1"
      }
    },
    "@hapi/file": {
      "version": "3.0.0",
      "resolved": "https://registry.npmmirror.com/@hapi/file/-/file-3.0.0.tgz",
      "integrity": "sha512-w+lKW+yRrLhJu620jT3y+5g2mHqnKfepreykvdOcl9/6up8GrQQn+l3FRTsjHTKbkbfQFkuksHpdv2EcpKcJ4Q=="
    },
    "@hapi/hapi": {
      "version": "21.4.4",
      "resolved": "https://registry.npmmirror.com/@hapi/hapi/-/hapi-21.4.4.tgz",
      "integrity": "sha512-vI6JPLR99WZDKI1nriD0qXDPp8sKFkZfNVGrDDZafDQ8jU+3ERMwS0vPac5aGae6yyyoGZGOBiYExw4N8ScSTQ==",
      "requires": {
        "@hapi/accept": "^6.0.3",
        "@hapi/ammo": "^6.0.1",
        "@hapi/boom": "^10.0.1",
        "@hapi/bounce": "^3.0.2",
        "@hapi/call": "^9.0.1",
        "@hapi/catbox": "^12.1.1",
        "@hapi/catbox-memory": "^6.0.2",
        "@hapi/heavy": "^8.0.1",
        "@hapi/hoek": "^11.0.7",
        "@hapi/mimos": "^7.0.1",
        "@hapi/podium": "^5.0.2",
        "@hapi/shot": "^6.0.2",
        "@hapi/somever": "^4.1.1",
        "@hapi/statehood": "^8.2.1",
        "@hapi/subtext": "^8.1.1",
        "@hapi/teamwork": "^6.0.1",
        "@hapi/topo": "^6.0.2",
        "@hapi/validate": "^2.0.1"
      }
    },
    "@hapi/heavy": {
      "version": "8.0.1",
      "resolved": "https://registry.npmmirror.com/@hapi/heavy/-/heavy-8.0.1.tgz",
      "integrity": "sha512-gBD/NANosNCOp6RsYTsjo2vhr5eYA3BEuogk6cxY0QdhllkkTaJFYtTXv46xd6qhBVMbMMqcSdtqey+UQU3//w==",
      "requires": {
        "@hapi/boom": "^10.0.1",
        "@hapi/hoek": "^11.0.2",
        "@hapi/validate": "^2.0.1"
      }
    },
    "@hapi/hoek": {
      "version": "11.0.7",
      "resolved": "https://registry.npmmirror.com/@hapi/hoek/-/hoek-11.0.7.tgz",
      "integrity": "sha512-HV5undWkKzcB4RZUusqOpcgxOaq6VOAH7zhhIr2g3G8NF/MlFO75SjOr2NfuSx0Mh40+1FqCkagKLJRykUWoFQ=="
    },
    "@hapi/iron": {
      "version": "7.0.1",
      "resolved": "https://registry.npmmirror.com/@hapi/iron/-/iron-7.0.1.tgz",
      "integrity": "sha512-tEZnrOujKpS6jLKliyWBl3A9PaE+ppuL/+gkbyPPDb/l2KSKQyH4lhMkVb+sBhwN+qaxxlig01JRqB8dk/mPxQ==",
      "requires": {
        "@hapi/b64": "^6.0.1",
        "@hapi/boom": "^10.0.1",
        "@hapi/bourne": "^3.0.0",
        "@hapi/cryptiles": "^6.0.1",
        "@hapi/hoek": "^11.0.2"
      }
    },
    "@hapi/mimos": {
      "version": "7.0.1",
      "resolved": "https://registry.npmmirror.com/@hapi/mimos/-/mimos-7.0.1.tgz",
      "integrity": "sha512-b79V+BrG0gJ9zcRx1VGcCI6r6GEzzZUgiGEJVoq5gwzuB2Ig9Cax8dUuBauQCFKvl2YWSWyOc8mZ8HDaJOtkew==",
      "requires": {
        "@hapi/hoek": "^11.0.2",
        "mime-db": "^1.52.0"
      }
    },
    "@hapi/nigel": {
      "version": "5.0.1",
      "resolved": "https://registry.npmmirror.com/@hapi/nigel/-/nigel-5.0.1.tgz",
      "integrity": "sha512-uv3dtYuB4IsNaha+tigWmN8mQw/O9Qzl5U26Gm4ZcJVtDdB1AVJOwX3X5wOX+A07qzpEZnOMBAm8jjSqGsU6Nw==",
      "requires": {
        "@hapi/hoek": "^11.0.2",
        "@hapi/vise": "^5.0.1"
      }
    },
    "@hapi/pez": {
      "version": "6.1.0",
      "resolved": "https://registry.npmmirror.com/@hapi/pez/-/pez-6.1.0.tgz",
      "integrity": "sha512-+FE3sFPYuXCpuVeHQ/Qag1b45clR2o54QoonE/gKHv9gukxQ8oJJZPR7o3/ydDTK6racnCJXxOyT1T93FCJMIg==",
      "requires": {
        "@hapi/b64": "^6.0.1",
        "@hapi/boom": "^10.0.1",
        "@hapi/content": "^6.0.0",
        "@hapi/hoek": "^11.0.2",
        "@hapi/nigel": "^5.0.1"
      }
    },
    "@hapi/podium": {
      "version": "5.0.2",
      "resolved": "https://registry.npmmirror.com/@hapi/podium/-/podium-5.0.2.tgz",
      "integrity": "sha512-T7gf2JYHQQfEfewTQFbsaXoZxSvuXO/QBIGljucUQ/lmPnTTNAepoIKOakWNVWvo2fMEDjycu77r8k6dhreqHA==",
      "requires": {
        "@hapi/hoek": "^11.0.2",
        "@hapi/teamwork": "^6.0.0",
        "@hapi/validate": "^2.0.1"
      }
    },
    "@hapi/shot": {
      "version": "6.0.2",
      "resolved": "https://registry.npmmirror.com/@hapi/shot/-/shot-6.0.2.tgz",
      "integrity": "sha512-WKK1ShfJTrL1oXC0skoIZQYzvLsyMDEF8lfcWuQBjpjCN29qivr9U36ld1z0nt6edvzv28etNMOqUF4klnHryw==",
      "requires": {
        "@hapi/hoek": "^11.0.2",
        "@hapi/validate": "^2.0.1"
      }
    },
    "@hapi/somever": {
      "version": "4.1.1",
      "resolved": "https://registry.npmmirror.com/@hapi/somever/-/somever-4.1.1.tgz",
      "integrity": "sha512-lt3QQiDDOVRatS0ionFDNrDIv4eXz58IibQaZQDOg4DqqdNme8oa0iPWcE0+hkq/KTeBCPtEOjDOBKBKwDumVg==",
      "requires": {
        "@hapi/bounce": "^3.0.1",
        "@hapi/hoek": "^11.0.2"
      }
    },
    "@hapi/statehood": {
      "version": "8.2.1",
      "resolved": "https://registry.npmmirror.com/@hapi/statehood/-/statehood-8.2.1.tgz",
      "integrity": "sha512-xf72TG/QINW26jUu+uL5H+crE1o8GplIgfPWwPZhnAGJzetIVAQEQYvzq+C0aEVHg5/lMMtQ+L9UryuSa5Yjkg==",
      "requires": {
        "@hapi/boom": "^10.0.1",
        "@hapi/bounce": "^3.0.1",
        "@hapi/bourne": "^3.0.0",
        "@hapi/cryptiles": "^6.0.1",
        "@hapi/hoek": "^11.0.2",
        "@hapi/iron": "^7.0.1",
        "@hapi/validate": "^2.0.1"
      }
    },
    "@hapi/subtext": {
      "version": "8.1.1",
      "resolved": "https://registry.npmmirror.com/@hapi/subtext/-/subtext-8.1.1.tgz",
      "integrity": "sha512-ex1Y2s/KuJktS8Ww0k6XJ5ysSKrzNym4i5pDVuCwlSgHHviHUsT1JNzE6FYhNU9TTHSNdyfue/t2m89bpkX9Jw==",
      "requires": {
        "@hapi/boom": "^10.0.1",
        "@hapi/bourne": "^3.0.0",
        "@hapi/content": "^6.0.0",
        "@hapi/file": "^3.0.0",
        "@hapi/hoek": "^11.0.2",
        "@hapi/pez": "^6.1.0",
        "@hapi/wreck": "^18.0.1"
      }
    },
    "@hapi/teamwork": {
      "version": "6.0.1",
      "resolved": "https://registry.npmmirror.com/@hapi/teamwork/-/teamwork-6.0.1.tgz",
      "integrity": "sha512-52OXRslUfYwXAOG8k58f2h2ngXYQGP0x5RPOo+eWA/FtyLgHjGMrE3+e9LSXP/0q2YfHAK5wj9aA9DTy1K+kyQ=="
    },
    "@hapi/topo": {
      "version": "6.0.2",
      "resolved": "https://registry.npmmirror.com/@hapi/topo/-/topo-6.0.2.tgz",
      "integrity": "sha512-KR3rD5inZbGMrHmgPxsJ9dbi6zEK+C3ZwUwTa+eMwWLz7oijWUTWD2pMSNNYJAU6Qq+65NkxXjqHr/7LM2Xkqg==",
      "requires": {
        "@hapi/hoek": "^11.0.2"
      }
    },
    "@hapi/validate": {
      "version": "2.0.1",
      "resolved": "https://registry.npmmirror.com/@hapi/validate/-/validate-2.0.1.tgz",
      "integrity": "sha512-NZmXRnrSLK8MQ9y/CMqE9WSspgB9xA41/LlYR0k967aSZebWr4yNrpxIbov12ICwKy4APSlWXZga9jN5p6puPA==",
      "requires": {
        "@hapi/hoek": "^11.0.2",
        "@hapi/topo": "^6.0.1"
      }
    },
    "@hapi/vise": {
      "version": "5.0.1",
      "resolved": "https://registry.npmmirror.com/@hapi/vise/-/vise-5.0.1.tgz",
      "integrity": "sha512-XZYWzzRtINQLedPYlIkSkUr7m5Ddwlu99V9elh8CSygXstfv3UnWIXT0QD+wmR0VAG34d2Vx3olqcEhRRoTu9A==",
      "requires": {
        "@hapi/hoek": "^11.0.2"
      }
    },
    "@hapi/wreck": {
      "version": "18.1.0",
      "resolved": "https://registry.npmmirror.com/@hapi/wreck/-/wreck-18.1.0.tgz",
      "integrity": "sha512-0z6ZRCmFEfV/MQqkQomJ7sl/hyxvcZM7LtuVqN3vdAO4vM9eBbowl0kaqQj9EJJQab+3Uuh1GxbGIBFy4NfJ4w==",
      "requires": {
        "@hapi/boom": "^10.0.1",
        "@hapi/bourne": "^3.0.0",
        "@hapi/hoek": "^11.0.2"
      }
    },
    "@types/node": {
      "version": "25.2.0",
      "resolved": "http://npm.dev.casstime.com/@types%2fnode/-/node-25.2.0.tgz",
      "integrity": "sha512-DZ8VwRFUNzuqJ5khrvwMXHmvPe+zGayJhr2CDNiKB1WBE1ST8Djl00D0IC4vvNmHMdj6DlbYRIaFE7WHjlDl5w==",
      "dev": true,
      "requires": {
        "undici-types": "~7.16.0"
      }
    },
    "mime-db": {
      "version": "1.54.0",
      "resolved": "https://registry.npmmirror.com/mime-db/-/mime-db-1.54.0.tgz",
      "integrity": "sha512-aU5EJuIN2WDemCcAp2vFBfp/m4EAhWJnUNSSw0ixs7/kXbd6Pg64EmwJkNdFhB8aWt1sH2CTXrLxo/iAGV3oPQ=="
    },
    "undici-types": {
      "version": "7.16.0",
      "resolved": "http://npm.dev.casstime.com/undici-types/-/undici-types-7.16.0.tgz",
      "integrity": "sha512-Zz+aZWSj8LE6zoxD+xrjh4VfkIG8Ya6LvYkZqtUQGJPZjYl53ypCaUwWqo7eI0x66KBGeRo+mlBEkMSeSZ38Nw==",
      "dev": true
    }
  }
}
