{
  "name": "nodeAuth",
  "version": "1.0.0",
  "lockfileVersion": 1,
  "requires": true,
  "dependencies": {
    "@esbuild/aix-ppc64": {
      "version": "0.27.2",
      "resolved": "http://npm.dev.casstime.com/@esbuild%2faix-ppc64/-/aix-ppc64-0.27.2.tgz",
      "integrity": "sha512-GZMB+a0mOMZs4MpDbj8RJp4cw+w1WV5NYD6xzgvzUJ5Ek2jerwfO2eADyI6ExDSUED+1X8aMbegahsJi+8mgpw==",
      "dev": true,
      "optional": true
    },
    "@esbuild/android-arm": {
      "version": "0.27.2",
      "resolved": "http://npm.dev.casstime.com/@esbuild%2fandroid-arm/-/android-arm-0.27.2.tgz",
      "integrity": "sha512-DVNI8jlPa7Ujbr1yjU2PfUSRtAUZPG9I1RwW4F4xFB1Imiu2on0ADiI/c3td+KmDtVKNbi+nffGDQMfcIMkwIA==",
      "dev": true,
      "optional": true
    },
    "@esbuild/android-arm64": {
      "version": "0.27.2",
      "resolved": "http://npm.dev.casstime.com/@esbuild%2fandroid-arm64/-/android-arm64-0.27.2.tgz",
      "integrity": "sha512-pvz8ZZ7ot/RBphf8fv60ljmaoydPU12VuXHImtAs0XhLLw+EXBi2BLe3OYSBslR4rryHvweW5gmkKFwTiFy6KA==",
      "dev": true,
      "optional": true
    },
    "@esbuild/android-x64": {
      "version": "0.27.2",
      "resolved": "http://npm.dev.casstime.com/@esbuild%2fandroid-x64/-/android-x64-0.27.2.tgz",
      "integrity": "sha512-z8Ank4Byh4TJJOh4wpz8g2vDy75zFL0TlZlkUkEwYXuPSgX8yzep596n6mT7905kA9uHZsf/o2OJZubl2l3M7A==",
      "dev": true,
      "optional": true
    },
    "@esbuild/darwin-arm64": {
      "version": "0.27.2",
      "resolved": "http://npm.dev.casstime.com/@esbuild%2fdarwin-arm64/-/darwin-arm64-0.27.2.tgz",
      "integrity": "sha512-davCD2Zc80nzDVRwXTcQP/28fiJbcOwvdolL0sOiOsbwBa72kegmVU0Wrh1MYrbuCL98Omp5dVhQFWRKR2ZAlg==",
      "dev": true,
      "optional": true
    },
    "@esbuild/darwin-x64": {
      "version": "0.27.2",
      "resolved": "http://npm.dev.casstime.com/@esbuild%2fdarwin-x64/-/darwin-x64-0.27.2.tgz",
      "integrity": "sha512-ZxtijOmlQCBWGwbVmwOF/UCzuGIbUkqB1faQRf5akQmxRJ1ujusWsb3CVfk/9iZKr2L5SMU5wPBi1UWbvL+VQA==",
      "dev": true,
      "optional": true
    },
    "@esbuild/freebsd-arm64": {
      "version": "0.27.2",
      "resolved": "http://npm.dev.casstime.com/@esbuild%2ffreebsd-arm64/-/freebsd-arm64-0.27.2.tgz",
      "integrity": "sha512-lS/9CN+rgqQ9czogxlMcBMGd+l8Q3Nj1MFQwBZJyoEKI50XGxwuzznYdwcav6lpOGv5BqaZXqvBSiB/kJ5op+g==",
      "dev": true,
      "optional": true
    },
    "@esbuild/freebsd-x64": {
      "version": "0.27.2",
      "resolved": "http://npm.dev.casstime.com/@esbuild%2ffreebsd-x64/-/freebsd-x64-0.27.2.tgz",
      "integrity": "sha512-tAfqtNYb4YgPnJlEFu4c212HYjQWSO/w/h/lQaBK7RbwGIkBOuNKQI9tqWzx7Wtp7bTPaGC6MJvWI608P3wXYA==",
      "dev": true,
      "optional": true
    },
    "@esbuild/linux-arm": {
      "version": "0.27.2",
      "resolved": "http://npm.dev.casstime.com/@esbuild%2flinux-arm/-/linux-arm-0.27.2.tgz",
      "integrity": "sha512-vWfq4GaIMP9AIe4yj1ZUW18RDhx6EPQKjwe7n8BbIecFtCQG4CfHGaHuh7fdfq+y3LIA2vGS/o9ZBGVxIDi9hw==",
      "dev": true,
      "optional": true
    },
    "@esbuild/linux-arm64": {
      "version": "0.27.2",
      "resolved": "http://npm.dev.casstime.com/@esbuild%2flinux-arm64/-/linux-arm64-0.27.2.tgz",
      "integrity": "sha512-hYxN8pr66NsCCiRFkHUAsxylNOcAQaxSSkHMMjcpx0si13t1LHFphxJZUiGwojB1a/Hd5OiPIqDdXONia6bhTw==",
      "dev": true,
      "optional": true
    },
    "@esbuild/linux-ia32": {
      "version": "0.27.2",
      "resolved": "http://npm.dev.casstime.com/@esbuild%2flinux-ia32/-/linux-ia32-0.27.2.tgz",
      "integrity": "sha512-MJt5BRRSScPDwG2hLelYhAAKh9imjHK5+NE/tvnRLbIqUWa+0E9N4WNMjmp/kXXPHZGqPLxggwVhz7QP8CTR8w==",
      "dev": true,
      "optional": true
    },
    "@esbuild/linux-loong64": {
      "version": "0.27.2",
      "resolved": "http://npm.dev.casstime.com/@esbuild%2flinux-loong64/-/linux-loong64-0.27.2.tgz",
      "integrity": "sha512-lugyF1atnAT463aO6KPshVCJK5NgRnU4yb3FUumyVz+cGvZbontBgzeGFO1nF+dPueHD367a2ZXe1NtUkAjOtg==",
      "dev": true,
      "optional": true
    },
    "@esbuild/linux-mips64el": {
      "version": "0.27.2",
      "resolved": "http://npm.dev.casstime.com/@esbuild%2flinux-mips64el/-/linux-mips64el-0.27.2.tgz",
      "integrity": "sha512-nlP2I6ArEBewvJ2gjrrkESEZkB5mIoaTswuqNFRv/WYd+ATtUpe9Y09RnJvgvdag7he0OWgEZWhviS1OTOKixw==",
      "dev": true,
      "optional": true
    },
    "@esbuild/linux-ppc64": {
      "version": "0.27.2",
      "resolved": "http://npm.dev.casstime.com/@esbuild%2flinux-ppc64/-/linux-ppc64-0.27.2.tgz",
      "integrity": "sha512-C92gnpey7tUQONqg1n6dKVbx3vphKtTHJaNG2Ok9lGwbZil6DrfyecMsp9CrmXGQJmZ7iiVXvvZH6Ml5hL6XdQ==",
      "dev": true,
      "optional": true
    },
    "@esbuild/linux-riscv64": {
      "version": "0.27.2",
      "resolved": "http://npm.dev.casstime.com/@esbuild%2flinux-riscv64/-/linux-riscv64-0.27.2.tgz",
      "integrity": "sha512-B5BOmojNtUyN8AXlK0QJyvjEZkWwy/FKvakkTDCziX95AowLZKR6aCDhG7LeF7uMCXEJqwa8Bejz5LTPYm8AvA==",
      "dev": true,
      "optional": true
    },
    "@esbuild/linux-s390x": {
      "version": "0.27.2",
      "resolved": "http://npm.dev.casstime.com/@esbuild%2flinux-s390x/-/linux-s390x-0.27.2.tgz",
      "integrity": "sha512-p4bm9+wsPwup5Z8f4EpfN63qNagQ47Ua2znaqGH6bqLlmJ4bx97Y9JdqxgGZ6Y8xVTixUnEkoKSHcpRlDnNr5w==",
      "dev": true,
      "optional": true
    },
    "@esbuild/linux-x64": {
      "version": "0.27.2",
      "resolved": "http://npm.dev.casstime.com/@esbuild%2flinux-x64/-/linux-x64-0.27.2.tgz",
      "integrity": "sha512-uwp2Tip5aPmH+NRUwTcfLb+W32WXjpFejTIOWZFw/v7/KnpCDKG66u4DLcurQpiYTiYwQ9B7KOeMJvLCu/OvbA==",
      "dev": true,
      "optional": true
    },
    "@esbuild/netbsd-arm64": {
      "version": "0.27.2",
      "resolved": "http://npm.dev.casstime.com/@esbuild%2fnetbsd-arm64/-/netbsd-arm64-0.27.2.tgz",
      "integrity": "sha512-Kj6DiBlwXrPsCRDeRvGAUb/LNrBASrfqAIok+xB0LxK8CHqxZ037viF13ugfsIpePH93mX7xfJp97cyDuTZ3cw==",
      "dev": true,
      "optional": true
    },
    "@esbuild/netbsd-x64": {
      "version": "0.27.2",
      "resolved": "http://npm.dev.casstime.com/@esbuild%2fnetbsd-x64/-/netbsd-x64-0.27.2.tgz",
      "integrity": "sha512-HwGDZ0VLVBY3Y+Nw0JexZy9o/nUAWq9MlV7cahpaXKW6TOzfVno3y3/M8Ga8u8Yr7GldLOov27xiCnqRZf0tCA==",
      "dev": true,
      "optional": true
    },
    "@esbuild/openbsd-arm64": {
      "version": "0.27.2",
      "resolved": "http://npm.dev.casstime.com/@esbuild%2fopenbsd-arm64/-/openbsd-arm64-0.27.2.tgz",
      "integrity": "sha512-DNIHH2BPQ5551A7oSHD0CKbwIA/Ox7+78/AWkbS5QoRzaqlev2uFayfSxq68EkonB+IKjiuxBFoV8ESJy8bOHA==",
      "dev": true,
      "optional": true
    },
    "@esbuild/openbsd-x64": {
      "version": "0.27.2",
      "resolved": "http://npm.dev.casstime.com/@esbuild%2fopenbsd-x64/-/openbsd-x64-0.27.2.tgz",
      "integrity": "sha512-/it7w9Nb7+0KFIzjalNJVR5bOzA9Vay+yIPLVHfIQYG/j+j9VTH84aNB8ExGKPU4AzfaEvN9/V4HV+F+vo8OEg==",
      "dev": true,
      "optional": true
    },
    "@esbuild/openharmony-arm64": {
      "version": "0.27.2",
      "resolved": "http://npm.dev.casstime.com/@esbuild%2fopenharmony-arm64/-/openharmony-arm64-0.27.2.tgz",
      "integrity": "sha512-LRBbCmiU51IXfeXk59csuX/aSaToeG7w48nMwA6049Y4J4+VbWALAuXcs+qcD04rHDuSCSRKdmY63sruDS5qag==",
      "dev": true,
      "optional": true
    },
    "@esbuild/sunos-x64": {
      "version": "0.27.2",
      "resolved": "http://npm.dev.casstime.com/@esbuild%2fsunos-x64/-/sunos-x64-0.27.2.tgz",
      "integrity": "sha512-kMtx1yqJHTmqaqHPAzKCAkDaKsffmXkPHThSfRwZGyuqyIeBvf08KSsYXl+abf5HDAPMJIPnbBfXvP2ZC2TfHg==",
      "dev": true,
      "optional": true
    },
    "@esbuild/win32-arm64": {
      "version": "0.27.2",
      "resolved": "http://npm.dev.casstime.com/@esbuild%2fwin32-arm64/-/win32-arm64-0.27.2.tgz",
      "integrity": "sha512-Yaf78O/B3Kkh+nKABUF++bvJv5Ijoy9AN1ww904rOXZFLWVc5OLOfL56W+C8F9xn5JQZa3UX6m+IktJnIb1Jjg==",
      "dev": true,
      "optional": true
    },
    "@esbuild/win32-ia32": {
      "version": "0.27.2",
      "resolved": "http://npm.dev.casstime.com/@esbuild%2fwin32-ia32/-/win32-ia32-0.27.2.tgz",
      "integrity": "sha512-Iuws0kxo4yusk7sw70Xa2E2imZU5HoixzxfGCdxwBdhiDgt9vX9VUCBhqcwY7/uh//78A1hMkkROMJq9l27oLQ==",
      "dev": true,
      "optional": true
    },
    "@esbuild/win32-x64": {
      "version": "0.27.2",
      "resolved": "http://npm.dev.casstime.com/@esbuild%2fwin32-x64/-/win32-x64-0.27.2.tgz",
      "integrity": "sha512-sRdU18mcKf7F+YgheI/zGf5alZatMUTKj/jNS6l744f9u3WFu4v7twcUI9vu4mknF4Y9aDlblIie0IM+5xxaqQ==",
      "dev": true,
      "optional": true
    },
    "@hapi/accept": {
      "version": "6.0.3",
      "resolved": "https://registry.npmmirror.com/@hapi/accept/-/accept-6.0.3.tgz",
      "integrity": "sha512-p72f9k56EuF0n3MwlBNThyVE5PXX40g+aQh+C/xbKrfzahM2Oispv3AXmOIU51t3j77zay1qrX7IIziZXspMlw==",
      "requires": {
        "@hapi/boom": "^10.0.1",
        "@hapi/hoek": "^11.0.2"
      }
    },
    "@hapi/ammo": {
      "version": "6.0.1",
      "resolved": "https://registry.npmmirror.com/@hapi/ammo/-/ammo-6.0.1.tgz",
      "integrity": "sha512-pmL+nPod4g58kXrMcsGLp05O2jF4P2Q3GiL8qYV7nKYEh3cGf+rV4P5Jyi2Uq0agGhVU63GtaSAfBEZOlrJn9w==",
      "requires": {
        "@hapi/hoek": "^11.0.2"
      }
    },
    "@hapi/b64": {
      "version": "6.0.1",
      "resolved": "https://registry.npmmirror.com/@hapi/b64/-/b64-6.0.1.tgz",
      "integrity": "sha512-ZvjX4JQReUmBheeCq+S9YavcnMMHWqx3S0jHNXWIM1kQDxB9cyfSycpVvjfrKcIS8Mh5N3hmu/YKo4Iag9g2Kw==",
      "requires": {
        "@hapi/hoek": "^11.0.2"
      }
    },
    "@hapi/boom": {
      "version": "10.0.1",
      "resolved": "https://registry.npmmirror.com/@hapi/boom/-/boom-10.0.1.tgz",
      "integrity": "sha512-ERcCZaEjdH3OgSJlyjVk8pHIFeus91CjKP3v+MpgBNp5IvGzP2l/bRiD78nqYcKPaZdbKkK5vDBVPd2ohHBlsA==",
      "requires": {
        "@hapi/hoek": "^11.0.2"
      }
    },
    "@hapi/bounce": {
      "version": "3.0.2",
      "resolved": "https://registry.npmmirror.com/@hapi/bounce/-/bounce-3.0.2.tgz",
      "integrity": "sha512-d0XmlTi3H9HFDHhQLjg4F4auL1EY3Wqj7j7/hGDhFFe6xAbnm3qiGrXeT93zZnPH8gH+SKAFYiRzu26xkXcH3g==",
      "requires": {
        "@hapi/boom": "^10.0.1",
        "@hapi/hoek": "^11.0.2"
      }
    },
    "@hapi/bourne": {
      "version": "3.0.0",
      "resolved": "https://registry.npmmirror.com/@hapi/bourne/-/bourne-3.0.0.tgz",
      "integrity": "sha512-Waj1cwPXJDucOib4a3bAISsKJVb15MKi9IvmTI/7ssVEm6sywXGjVJDhl6/umt1pK1ZS7PacXU3A1PmFKHEZ2w=="
    },
    "@hapi/call": {
      "version": "9.0.1",
      "resolved": "https://registry.npmmirror.com/@hapi/call/-/call-9.0.1.tgz",
      "integrity": "sha512-uPojQRqEL1GRZR4xXPqcLMujQGaEpyVPRyBlD8Pp5rqgIwLhtveF9PkixiKru2THXvuN8mUrLeet5fqxKAAMGg==",
      "requires": {
        "@hapi/boom": "^10.0.1",
        "@hapi/hoek": "^11.0.2"
      }
    },
    "@hapi/catbox": {
      "version": "12.1.1",
      "resolved": "https://registry.npmmirror.com/@hapi/catbox/-/catbox-12.1.1.tgz",
      "integrity": "sha512-hDqYB1J+R0HtZg4iPH3LEnldoaBsar6bYp0EonBmNQ9t5CO+1CqgCul2ZtFveW1ReA5SQuze9GPSU7/aecERhw==",
      "requires": {
        "@hapi/boom": "^10.0.1",
        "@hapi/hoek": "^11.0.2",
        "@hapi/podium": "^5.0.0",
        "@hapi/validate": "^2.0.1"
      }
    },
    "@hapi/catbox-memory": {
      "version": "6.0.2",
      "resolved": "https://registry.npmmirror.com/@hapi/catbox-memory/-/catbox-memory-6.0.2.tgz",
      "integrity": "sha512-H1l4ugoFW/ZRkqeFrIo8p1rWN0PA4MDTfu4JmcoNDvnY975o29mqoZblqFTotxNHlEkMPpIiIBJTV+Mbi+aF0g==",
      "requires": {
        "@hapi/boom": "^10.0.1",
        "@hapi/hoek": "^11.0.2"
      }
    },
    "@hapi/content": {
      "version": "6.0.0",
      "resolved": "https://registry.npmmirror.com/@hapi/content/-/content-6.0.0.tgz",
      "integrity": "sha512-CEhs7j+H0iQffKfe5Htdak5LBOz/Qc8TRh51cF+BFv0qnuph3Em4pjGVzJMkI2gfTDdlJKWJISGWS1rK34POGA==",
      "requires": {
        "@hapi/boom": "^10.0.0"
      }
    },
    "@hapi/cryptiles": {
      "version": "6.0.3",
      "resolved": "https://registry.npmmirror.com/@hapi/cryptiles/-/cryptiles-6.0.3.tgz",
      "integrity": "sha512-r6VKalpbMHz4ci3gFjFysBmhwCg70RpYZy6OkjEpdXzAYnYFX5XsW7n4YMJvuIYpnMwLxGUjK/cBhA7X3JDvXw==",
      "requires": {
        "@hapi/boom": "^10.0.1"
      }
    },
    "@hapi/file": {
      "version": "3.0.0",
      "resolved": "https://registry.npmmirror.com/@hapi/file/-/file-3.0.0.tgz",
      "integrity": "sha512-w+lKW+yRrLhJu620jT3y+5g2mHqnKfepreykvdOcl9/6up8GrQQn+l3FRTsjHTKbkbfQFkuksHpdv2EcpKcJ4Q=="
    },
    "@hapi/hapi": {
      "version": "21.4.4",
      "resolved": "https://registry.npmmirror.com/@hapi/hapi/-/hapi-21.4.4.tgz",
      "integrity": "sha512-vI6JPLR99WZDKI1nriD0qXDPp8sKFkZfNVGrDDZafDQ8jU+3ERMwS0vPac5aGae6yyyoGZGOBiYExw4N8ScSTQ==",
      "requires": {
        "@hapi/accept": "^6.0.3",
        "@hapi/ammo": "^6.0.1",
        "@hapi/boom": "^10.0.1",
        "@hapi/bounce": "^3.0.2",
        "@hapi/call": "^9.0.1",
        "@hapi/catbox": "^12.1.1",
        "@hapi/catbox-memory": "^6.0.2",
        "@hapi/heavy": "^8.0.1",
        "@hapi/hoek": "^11.0.7",
        "@hapi/mimos": "^7.0.1",
        "@hapi/podium": "^5.0.2",
        "@hapi/shot": "^6.0.2",
        "@hapi/somever": "^4.1.1",
        "@hapi/statehood": "^8.2.1",
        "@hapi/subtext": "^8.1.1",
        "@hapi/teamwork": "^6.0.1",
        "@hapi/topo": "^6.0.2",
        "@hapi/validate": "^2.0.1"
      }
    },
    "@hapi/heavy": {
      "version": "8.0.1",
      "resolved": "https://registry.npmmirror.com/@hapi/heavy/-/heavy-8.0.1.tgz",
      "integrity": "sha512-gBD/NANosNCOp6RsYTsjo2vhr5eYA3BEuogk6cxY0QdhllkkTaJFYtTXv46xd6qhBVMbMMqcSdtqey+UQU3//w==",
      "requires": {
        "@hapi/boom": "^10.0.1",
        "@hapi/hoek": "^11.0.2",
        "@hapi/validate": "^2.0.1"
      }
    },
    "@hapi/hoek": {
      "version": "11.0.7",
      "resolved": "https://registry.npmmirror.com/@hapi/hoek/-/hoek-11.0.7.tgz",
      "integrity": "sha512-HV5undWkKzcB4RZUusqOpcgxOaq6VOAH7zhhIr2g3G8NF/MlFO75SjOr2NfuSx0Mh40+1FqCkagKLJRykUWoFQ=="
    },
    "@hapi/iron": {
      "version": "7.0.1",
      "resolved": "https://registry.npmmirror.com/@hapi/iron/-/iron-7.0.1.tgz",
      "integrity": "sha512-tEZnrOujKpS6jLKliyWBl3A9PaE+ppuL/+gkbyPPDb/l2KSKQyH4lhMkVb+sBhwN+qaxxlig01JRqB8dk/mPxQ==",
      "requires": {
        "@hapi/b64": "^6.0.1",
        "@hapi/boom": "^10.0.1",
        "@hapi/bourne": "^3.0.0",
        "@hapi/cryptiles": "^6.0.1",
        "@hapi/hoek": "^11.0.2"
      }
    },
    "@hapi/mimos": {
      "version": "7.0.1",
      "resolved": "https://registry.npmmirror.com/@hapi/mimos/-/mimos-7.0.1.tgz",
      "integrity": "sha512-b79V+BrG0gJ9zcRx1VGcCI6r6GEzzZUgiGEJVoq5gwzuB2Ig9Cax8dUuBauQCFKvl2YWSWyOc8mZ8HDaJOtkew==",
      "requires": {
        "@hapi/hoek": "^11.0.2",
        "mime-db": "^1.52.0"
      }
    },
    "@hapi/nigel": {
      "version": "5.0.1",
      "resolved": "https://registry.npmmirror.com/@hapi/nigel/-/nigel-5.0.1.tgz",
      "integrity": "sha512-uv3dtYuB4IsNaha+tigWmN8mQw/O9Qzl5U26Gm4ZcJVtDdB1AVJOwX3X5wOX+A07qzpEZnOMBAm8jjSqGsU6Nw==",
      "requires": {
        "@hapi/hoek": "^11.0.2",
        "@hapi/vise": "^5.0.1"
      }
    },
    "@hapi/pez": {
      "version": "6.1.0",
      "resolved": "https://registry.npmmirror.com/@hapi/pez/-/pez-6.1.0.tgz",
      "integrity": "sha512-+FE3sFPYuXCpuVeHQ/Qag1b45clR2o54QoonE/gKHv9gukxQ8oJJZPR7o3/ydDTK6racnCJXxOyT1T93FCJMIg==",
      "requires": {
        "@hapi/b64": "^6.0.1",
        "@hapi/boom": "^10.0.1",
        "@hapi/content": "^6.0.0",
        "@hapi/hoek": "^11.0.2",
        "@hapi/nigel": "^5.0.1"
      }
    },
    "@hapi/podium": {
      "version": "5.0.2",
      "resolved": "https://registry.npmmirror.com/@hapi/podium/-/podium-5.0.2.tgz",
      "integrity": "sha512-T7gf2JYHQQfEfewTQFbsaXoZxSvuXO/QBIGljucUQ/lmPnTTNAepoIKOakWNVWvo2fMEDjycu77r8k6dhreqHA==",
      "requires": {
        "@hapi/hoek": "^11.0.2",
        "@hapi/teamwork": "^6.0.0",
        "@hapi/validate": "^2.0.1"
      }
    },
    "@hapi/shot": {
      "version": "6.0.2",
      "resolved": "https://registry.npmmirror.com/@hapi/shot/-/shot-6.0.2.tgz",
      "integrity": "sha512-WKK1ShfJTrL1oXC0skoIZQYzvLsyMDEF8lfcWuQBjpjCN29qivr9U36ld1z0nt6edvzv28etNMOqUF4klnHryw==",
      "requires": {
        "@hapi/hoek": "^11.0.2",
        "@hapi/validate": "^2.0.1"
      }
    },
    "@hapi/somever": {
      "version": "4.1.1",
      "resolved": "https://registry.npmmirror.com/@hapi/somever/-/somever-4.1.1.tgz",
      "integrity": "sha512-lt3QQiDDOVRatS0ionFDNrDIv4eXz58IibQaZQDOg4DqqdNme8oa0iPWcE0+hkq/KTeBCPtEOjDOBKBKwDumVg==",
      "requires": {
        "@hapi/bounce": "^3.0.1",
        "@hapi/hoek": "^11.0.2"
      }
    },
    "@hapi/statehood": {
      "version": "8.2.1",
      "resolved": "https://registry.npmmirror.com/@hapi/statehood/-/statehood-8.2.1.tgz",
      "integrity": "sha512-xf72TG/QINW26jUu+uL5H+crE1o8GplIgfPWwPZhnAGJzetIVAQEQYvzq+C0aEVHg5/lMMtQ+L9UryuSa5Yjkg==",
      "requires": {
        "@hapi/boom": "^10.0.1",
        "@hapi/bounce": "^3.0.1",
        "@hapi/bourne": "^3.0.0",
        "@hapi/cryptiles": "^6.0.1",
        "@hapi/hoek": "^11.0.2",
        "@hapi/iron": "^7.0.1",
        "@hapi/validate": "^2.0.1"
      }
    },
    "@hapi/subtext": {
      "version": "8.1.1",
      "resolved": "https://registry.npmmirror.com/@hapi/subtext/-/subtext-8.1.1.tgz",
      "integrity": "sha512-ex1Y2s/KuJktS8Ww0k6XJ5ysSKrzNym4i5pDVuCwlSgHHviHUsT1JNzE6FYhNU9TTHSNdyfue/t2m89bpkX9Jw==",
      "requires": {
        "@hapi/boom": "^10.0.1",
        "@hapi/bourne": "^3.0.0",
        "@hapi/content": "^6.0.0",
        "@hapi/file": "^3.0.0",
        "@hapi/hoek": "^11.0.2",
        "@hapi/pez": "^6.1.0",
        "@hapi/wreck": "^18.0.1"
      }
    },
    "@hapi/teamwork": {
      "version": "6.0.1",
      "resolved": "https://registry.npmmirror.com/@hapi/teamwork/-/teamwork-6.0.1.tgz",
      "integrity": "sha512-52OXRslUfYwXAOG8k58f2h2ngXYQGP0x5RPOo+eWA/FtyLgHjGMrE3+e9LSXP/0q2YfHAK5wj9aA9DTy1K+kyQ=="
    },
    "@hapi/topo": {
      "version": "6.0.2",
      "resolved": "https://registry.npmmirror.com/@hapi/topo/-/topo-6.0.2.tgz",
      "integrity": "sha512-KR3rD5inZbGMrHmgPxsJ9dbi6zEK+C3ZwUwTa+eMwWLz7oijWUTWD2pMSNNYJAU6Qq+65NkxXjqHr/7LM2Xkqg==",
      "requires": {
        "@hapi/hoek": "^11.0.2"
      }
    },
    "@hapi/validate": {
      "version": "2.0.1",
      "resolved": "https://registry.npmmirror.com/@hapi/validate/-/validate-2.0.1.tgz",
      "integrity": "sha512-NZmXRnrSLK8MQ9y/CMqE9WSspgB9xA41/LlYR0k967aSZebWr4yNrpxIbov12ICwKy4APSlWXZga9jN5p6puPA==",
      "requires": {
        "@hapi/hoek": "^11.0.2",
        "@hapi/topo": "^6.0.1"
      }
    },
    "@hapi/vise": {
      "version": "5.0.1",
      "resolved": "https://registry.npmmirror.com/@hapi/vise/-/vise-5.0.1.tgz",
      "integrity": "sha512-XZYWzzRtINQLedPYlIkSkUr7m5Ddwlu99V9elh8CSygXstfv3UnWIXT0QD+wmR0VAG34d2Vx3olqcEhRRoTu9A==",
      "requires": {
        "@hapi/hoek": "^11.0.2"
      }
    },
    "@hapi/wreck": {
      "version": "18.1.0",
      "resolved": "https://registry.npmmirror.com/@hapi/wreck/-/wreck-18.1.0.tgz",
      "integrity": "sha512-0z6ZRCmFEfV/MQqkQomJ7sl/hyxvcZM7LtuVqN3vdAO4vM9eBbowl0kaqQj9EJJQab+3Uuh1GxbGIBFy4NfJ4w==",
      "requires": {
        "@hapi/boom": "^10.0.1",
        "@hapi/bourne": "^3.0.0",
        "@hapi/hoek": "^11.0.2"
      }
    },
    "@types/node": {
      "version": "25.2.0",
      "resolved": "http://npm.dev.casstime.com/@types%2fnode/-/node-25.2.0.tgz",
      "integrity": "sha512-DZ8VwRFUNzuqJ5khrvwMXHmvPe+zGayJhr2CDNiKB1WBE1ST8Djl00D0IC4vvNmHMdj6DlbYRIaFE7WHjlDl5w==",
      "dev": true,
      "requires": {
        "undici-types": "~7.16.0"
      }
    },
    "esbuild": {
      "version": "0.27.2",
      "resolved": "http://npm.dev.casstime.com/esbuild/-/esbuild-0.27.2.tgz",
      "integrity": "sha512-HyNQImnsOC7X9PMNaCIeAm4ISCQXs5a5YasTXVliKv4uuBo1dKrG0A+uQS8M5eXjVMnLg3WgXaKvprHlFJQffw==",
      "dev": true,
      "requires": {
        "@esbuild/aix-ppc64": "0.27.2",
        "@esbuild/android-arm": "0.27.2",
        "@esbuild/android-arm64": "0.27.2",
        "@esbuild/android-x64": "0.27.2",
        "@esbuild/darwin-arm64": "0.27.2",
        "@esbuild/darwin-x64": "0.27.2",
        "@esbuild/freebsd-arm64": "0.27.2",
        "@esbuild/freebsd-x64": "0.27.2",
        "@esbuild/linux-arm": "0.27.2",
        "@esbuild/linux-arm64": "0.27.2",
        "@esbuild/linux-ia32": "0.27.2",
        "@esbuild/linux-loong64": "0.27.2",
        "@esbuild/linux-mips64el": "0.27.2",
        "@esbuild/linux-ppc64": "0.27.2",
        "@esbuild/linux-riscv64": "0.27.2",
        "@esbuild/linux-s390x": "0.27.2",
        "@esbuild/linux-x64": "0.27.2",
        "@esbuild/netbsd-arm64": "0.27.2",
        "@esbuild/netbsd-x64": "0.27.2",
        "@esbuild/openbsd-arm64": "0.27.2",
        "@esbuild/openbsd-x64": "0.27.2",
        "@esbuild/openharmony-arm64": "0.27.2",
        "@esbuild/sunos-x64": "0.27.2",
        "@esbuild/win32-arm64": "0.27.2",
        "@esbuild/win32-ia32": "0.27.2",
        "@esbuild/win32-x64": "0.27.2"
      }
    },
    "fsevents": {
      "version": "2.3.3",
      "resolved": "http://npm.dev.casstime.com/fsevents/-/fsevents-2.3.3.tgz",
      "integrity": "sha512-5xoDfX+fL7faATnagmWPpbFtwh/R77WmMMqqHGS65C3vvB0YHrgF+B1YmZ3441tMj5n63k0212XNoJwzlhffQw==",
      "dev": true,
      "optional": true
    },
    "get-tsconfig": {
      "version": "4.13.1",
      "resolved": "http://npm.dev.casstime.com/get-tsconfig/-/get-tsconfig-4.13.1.tgz",
      "integrity": "sha512-EoY1N2xCn44xU6750Sx7OjOIT59FkmstNc3X6y5xpz7D5cBtZRe/3pSlTkDJgqsOk3WwZPkWfonhhUJfttQo3w==",
      "dev": true,
      "requires": {
        "resolve-pkg-maps": "^1.0.0"
      }
    },
    "mime-db": {
      "version": "1.54.0",
      "resolved": "https://registry.npmmirror.com/mime-db/-/mime-db-1.54.0.tgz",
      "integrity": "sha512-aU5EJuIN2WDemCcAp2vFBfp/m4EAhWJnUNSSw0ixs7/kXbd6Pg64EmwJkNdFhB8aWt1sH2CTXrLxo/iAGV3oPQ=="
    },
    "resolve-pkg-maps": {
      "version": "1.0.0",
      "resolved": "http://npm.dev.casstime.com/resolve-pkg-maps/-/resolve-pkg-maps-1.0.0.tgz",
      "integrity": "sha512-seS2Tj26TBVOC2NIc2rOe2y2ZO7efxITtLZcGSOnHHNOQ7CkiUBfw0Iw2ck6xkIhPwLhKNLS8BO+hEpngQlqzw==",
      "dev": true
    },
    "tsx": {
      "version": "4.21.0",
      "resolved": "http://npm.dev.casstime.com/tsx/-/tsx-4.21.0.tgz",
      "integrity": "sha512-5C1sg4USs1lfG0GFb2RLXsdpXqBSEhAaA/0kPL01wxzpMqLILNxIxIOKiILz+cdg/pLnOUxFYOR5yhHU666wbw==",
      "dev": true,
      "requires": {
        "esbuild": "~0.27.0",
        "fsevents": "~2.3.3",
        "get-tsconfig": "^4.7.5"
      }
    },
    "undici-types": {
      "version": "7.16.0",
      "resolved": "http://npm.dev.casstime.com/undici-types/-/undici-types-7.16.0.tgz",
      "integrity": "sha512-Zz+aZWSj8LE6zoxD+xrjh4VfkIG8Ya6LvYkZqtUQGJPZjYl53ypCaUwWqo7eI0x66KBGeRo+mlBEkMSeSZ38Nw==",
      "dev": true
    }
  }
}
